
Microsoft Visual Studio Solution File, Format Version 12.00
# Visual Studio Version 16
VisualStudioVersion = 16.0.28803.202
MinimumVisualStudioVersion = 10.0.40219.1
Project("{2150E333-8FDC-42A3-9474-1A3956D46DE8}") = "src", "src", "{E1E42E85-DE1E-44D5-BEC7-0BE2CF35E770}"
EndProject
Project("{2150E333-8FDC-42A3-9474-1A3956D46DE8}") = "services", "services", "{57557423-1C47-40F5-978A-810E39EE177D}"
EndProject
Project("{2150E333-8FDC-42A3-9474-1A3956D46DE8}") = "web", "web", "{0EBEE0E2-38B4-4956-A577-7A33E72B197A}"
EndProject
Project("{9A19103F-16F7-4668-BE54-9A1E7A4F7556}") = "EventbriteMvc", "EventbriteMvc\EventbriteMvc.csproj", "{E41D5F74-5631-431C-B33D-7EB7DE0D1AFE}"
EndProject
Project("{9A19103F-16F7-4668-BE54-9A1E7A4F7556}") = "EventApi", "EventApi\EventApi.csproj", "{D9696670-29EF-4883-A41B-81F7C04C4B3A}"
EndProject
Project("{9A19103F-16F7-4668-BE54-9A1E7A4F7556}") = "TokenServiceApi", "TokenServiceApi\TokenServiceApi.csproj", "{0A59A7B7-9357-4267-BE6A-CB668F887184}"
EndProject
Project("{9A19103F-16F7-4668-BE54-9A1E7A4F7556}") = "CartApi", "CartApi\CartApi.csproj", "{76CBB048-37AC-4EB3-8BB6-CB0A21DE9637}"
EndProject
Project("{E53339B2-1760-4266-BCC7-CA923CBCF16C}") = "docker-compose", "docker-compose.dcproj", "{E23DAF4A-C9FC-4F98-AE63-E294B04E9B3A}"
EndProject
Project("{9A19103F-16F7-4668-BE54-9A1E7A4F7556}") = "OrderApi", "OrderApi\OrderApi.csproj", "{0877CAF7-9061-43BC-9110-4DCD94B1D6C2}"
EndProject
Global
	GlobalSection(SolutionConfigurationPlatforms) = preSolution
		Debug|Any CPU = Debug|Any CPU
		Release|Any CPU = Release|Any CPU
	EndGlobalSection
	GlobalSection(ProjectConfigurationPlatforms) = postSolution
		{E41D5F74-5631-431C-B33D-7EB7DE0D1AFE}.Debug|Any CPU.ActiveCfg = Debug|Any CPU
		{E41D5F74-5631-431C-B33D-7EB7DE0D1AFE}.Debug|Any CPU.Build.0 = Debug|Any CPU
		{E41D5F74-5631-431C-B33D-7EB7DE0D1AFE}.Release|Any CPU.ActiveCfg = Release|Any CPU
		{E41D5F74-5631-431C-B33D-7EB7DE0D1AFE}.Release|Any CPU.Build.0 = Release|Any CPU
		{D9696670-29EF-4883-A41B-81F7C04C4B3A}.Debug|Any CPU.ActiveCfg = Debug|Any CPU
		{D9696670-29EF-4883-A41B-81F7C04C4B3A}.Debug|Any CPU.Build.0 = Debug|Any CPU
		{D9696670-29EF-4883-A41B-81F7C04C4B3A}.Release|Any CPU.ActiveCfg = Release|Any CPU
		{D9696670-29EF-4883-A41B-81F7C04C4B3A}.Release|Any CPU.Build.0 = Release|Any CPU
		{0A59A7B7-9357-4267-BE6A-CB668F887184}.Debug|Any CPU.ActiveCfg = Debug|Any CPU
		{0A59A7B7-9357-4267-BE6A-CB668F887184}.Debug|Any CPU.Build.0 = Debug|Any CPU
		{0A59A7B7-9357-4267-BE6A-CB668F887184}.Release|Any CPU.ActiveCfg = Release|Any CPU
		{0A59A7B7-9357-4267-BE6A-CB668F887184}.Release|Any CPU.Build.0 = Release|Any CPU
		{76CBB048-37AC-4EB3-8BB6-CB0A21DE9637}.Debug|Any CPU.ActiveCfg = Debug|Any CPU
		{76CBB048-37AC-4EB3-8BB6-CB0A21DE9637}.Debug|Any CPU.Build.0 = Debug|Any CPU
		{76CBB048-37AC-4EB3-8BB6-CB0A21DE9637}.Release|Any CPU.ActiveCfg = Release|Any CPU
		{76CBB048-37AC-4EB3-8BB6-CB0A21DE9637}.Release|Any CPU.Build.0 = Release|Any CPU
		{E23DAF4A-C9FC-4F98-AE63-E294B04E9B3A}.Debug|Any CPU.ActiveCfg = Debug|Any CPU
		{E23DAF4A-C9FC-4F98-AE63-E294B04E9B3A}.Debug|Any CPU.Build.0 = Debug|Any CPU
		{E23DAF4A-C9FC-4F98-AE63-E294B04E9B3A}.Release|Any CPU.ActiveCfg = Release|Any CPU
		{E23DAF4A-C9FC-4F98-AE63-E294B04E9B3A}.Release|Any CPU.Build.0 = Release|Any CPU
		{0877CAF7-9061-43BC-9110-4DCD94B1D6C2}.Debug|Any CPU.ActiveCfg = Debug|Any CPU
		{0877CAF7-9061-43BC-9110-4DCD94B1D6C2}.Debug|Any CPU.Build.0 = Debug|Any CPU
		{0877CAF7-9061-43BC-9110-4DCD94B1D6C2}.Release|Any CPU.ActiveCfg = Release|Any CPU
		{0877CAF7-9061-43BC-9110-4DCD94B1D6C2}.Release|Any CPU.Build.0 = Release|Any CPU
	EndGlobalSection
	GlobalSection(SolutionProperties) = preSolution
		HideSolutionNode = FALSE
	EndGlobalSection
	GlobalSection(NestedProjects) = preSolution
		{57557423-1C47-40F5-978A-810E39EE177D} = {E1E42E85-DE1E-44D5-BEC7-0BE2CF35E770}
		{0EBEE0E2-38B4-4956-A577-7A33E72B197A} = {E1E42E85-DE1E-44D5-BEC7-0BE2CF35E770}
		{E41D5F74-5631-431C-B33D-7EB7DE0D1AFE} = {0EBEE0E2-38B4-4956-A577-7A33E72B197A}
		{D9696670-29EF-4883-A41B-81F7C04C4B3A} = {57557423-1C47-40F5-978A-810E39EE177D}
		{0A59A7B7-9357-4267-BE6A-CB668F887184} = {57557423-1C47-40F5-978A-810E39EE177D}
		{76CBB048-37AC-4EB3-8BB6-CB0A21DE9637} = {57557423-1C47-40F5-978A-810E39EE177D}
		{0877CAF7-9061-43BC-9110-4DCD94B1D6C2} = {57557423-1C47-40F5-978A-810E39EE177D}
	EndGlobalSection
	GlobalSection(ExtensibilityGlobals) = postSolution
		SolutionGuid = {D67C3866-4D6C-4633-B0A2-F6D2586C5053}
	EndGlobalSection
EndGlobal
